
Microsoft Visual Studio Solution File, Format Version 12.00
# Visual Studio 14
VisualStudioVersion = 14.0.25420.1
MinimumVisualStudioVersion = 10.0.40219.1
Project("{FAE04EC0-301F-11D3-BF4B-00C04F79EFBC}") = "FormsControlDemo.Droid", "FormsControlDemo\FormsControlDemo.Droid\FormsControlDemo.Droid.csproj", "{2C62AD91-9BC0-4AE4-9DA5-F286E401E175}"
EndProject
Project("{FAE04EC0-301F-11D3-BF4B-00C04F79EFBC}") = "FormsControlDemo.iOS", "FormsControlDemo\FormsControlDemo.iOS\FormsControlDemo.iOS.csproj", "{D718F2D1-C04C-4851-80AB-4C8FEBEFDC9D}"
EndProject
Project("{FAE04EC0-301F-11D3-BF4B-00C04F79EFBC}") = "FormsControlDemo.UWP", "FormsControlDemo\FormsControlDemo.UWP\FormsControlDemo.UWP.csproj", "{30C68FD0-40E8-4C57-8087-9B6CB8B74A28}"
EndProject
Project("{FAE04EC0-301F-11D3-BF4B-00C04F79EFBC}") = "FormsControlDemo", "FormsControlDemo\FormsControlDemo\FormsControlDemo.csproj", "{DE3D6552-A09A-424A-86E5-29D5BA316523}"
EndProject
Global
	GlobalSection(SolutionConfigurationPlatforms) = preSolution
		Ad-Hoc|Any CPU = Ad-Hoc|Any CPU
		Ad-Hoc|ARM = Ad-Hoc|ARM
		Ad-Hoc|iPhone = Ad-Hoc|iPhone
		Ad-Hoc|iPhoneSimulator = Ad-Hoc|iPhoneSimulator
		Ad-Hoc|x64 = Ad-Hoc|x64
		Ad-Hoc|x86 = Ad-Hoc|x86
		AppStore|Any CPU = AppStore|Any CPU
		AppStore|ARM = AppStore|ARM
		AppStore|iPhone = AppStore|iPhone
		AppStore|iPhoneSimulator = AppStore|iPhoneSimulator
		AppStore|x64 = AppStore|x64
		AppStore|x86 = AppStore|x86
		Debug|Any CPU = Debug|Any CPU
		Debug|ARM = Debug|ARM
		Debug|iPhone = Debug|iPhone
		Debug|iPhoneSimulator = Debug|iPhoneSimulator
		Debug|x64 = Debug|x64
		Debug|x86 = Debug|x86
		Release|Any CPU = Release|Any CPU
		Release|ARM = Release|ARM
		Release|iPhone = Release|iPhone
		Release|iPhoneSimulator = Release|iPhoneSimulator
		Release|x64 = Release|x64
		Release|x86 = Release|x86
	EndGlobalSection
	GlobalSection(ProjectConfigurationPlatforms) = postSolution
		{2C62AD91-9BC0-4AE4-9DA5-F286E401E175}.Ad-Hoc|Any CPU.ActiveCfg = Release|Any CPU
		{2C62AD91-9BC0-4AE4-9DA5-F286E401E175}.Ad-Hoc|Any CPU.Build.0 = Release|Any CPU
		{2C62AD91-9BC0-4AE4-9DA5-F286E401E175}.Ad-Hoc|Any CPU.Deploy.0 = Release|Any CPU
		{2C62AD91-9BC0-4AE4-9DA5-F286E401E175}.Ad-Hoc|ARM.ActiveCfg = Release|Any CPU
		{2C62AD91-9BC0-4AE4-9DA5-F286E401E175}.Ad-Hoc|ARM.Build.0 = Release|Any CPU
		{2C62AD91-9BC0-4AE4-9DA5-F286E401E175}.Ad-Hoc|ARM.Deploy.0 = Release|Any CPU
		{2C62AD91-9BC0-4AE4-9DA5-F286E401E175}.Ad-Hoc|iPhone.ActiveCfg = Release|Any CPU
		{2C62AD91-9BC0-4AE4-9DA5-F286E401E175}.Ad-Hoc|iPhone.Build.0 = Release|Any CPU
		{2C62AD91-9BC0-4AE4-9DA5-F286E401E175}.Ad-Hoc|iPhone.Deploy.0 = Release|Any CPU
		{2C62AD91-9BC0-4AE4-9DA5-F286E401E175}.Ad-Hoc|iPhoneSimulator.ActiveCfg = Release|Any CPU
		{2C62AD91-9BC0-4AE4-9DA5-F286E401E175}.Ad-Hoc|iPhoneSimulator.Build.0 = Release|Any CPU
		{2C62AD91-9BC0-4AE4-9DA5-F286E401E175}.Ad-Hoc|iPhoneSimulator.Deploy.0 = Release|Any CPU
		{2C62AD91-9BC0-4AE4-9DA5-F286E401E175}.Ad-Hoc|x64.ActiveCfg = Release|Any CPU
		{2C62AD91-9BC0-4AE4-9DA5-F286E401E175}.Ad-Hoc|x64.Build.0 = Release|Any CPU
		{2C62AD91-9BC0-4AE4-9DA5-F286E401E175}.Ad-Hoc|x64.Deploy.0 = Release|Any CPU
		{2C62AD91-9BC0-4AE4-9DA5-F286E401E175}.Ad-Hoc|x86.ActiveCfg = Release|Any CPU
		{2C62AD91-9BC0-4AE4-9DA5-F286E401E175}.Ad-Hoc|x86.Build.0 = Release|Any CPU
		{2C62AD91-9BC0-4AE4-9DA5-F286E401E175}.Ad-Hoc|x86.Deploy.0 = Release|Any CPU
		{2C62AD91-9BC0-4AE4-9DA5-F286E401E175}.AppStore|Any CPU.ActiveCfg = Release|Any CPU
		{2C62AD91-9BC0-4AE4-9DA5-F286E401E175}.AppStore|Any CPU.Build.0 = Release|Any CPU
		{2C62AD91-9BC0-4AE4-9DA5-F286E401E175}.AppStore|Any CPU.Deploy.0 = Release|Any CPU
		{2C62AD91-9BC0-4AE4-9DA5-F286E401E175}.AppStore|ARM.ActiveCfg = Release|Any CPU
		{2C62AD91-9BC0-4AE4-9DA5-F286E401E175}.AppStore|ARM.Build.0 = Release|Any CPU
		{2C62AD91-9BC0-4AE4-9DA5-F286E401E175}.AppStore|ARM.Deploy.0 = Release|Any CPU
		{2C62AD91-9BC0-4AE4-9DA5-F286E401E175}.AppStore|iPhone.ActiveCfg = Release|Any CPU
		{2C62AD91-9BC0-4AE4-9DA5-F286E401E175}.AppStore|iPhone.Build.0 = Release|Any CPU
		{2C62AD91-9BC0-4AE4-9DA5-F286E401E175}.AppStore|iPhone.Deploy.0 = Release|Any CPU
		{2C62AD91-9BC0-4AE4-9DA5-F286E401E175}.AppStore|iPhoneSimulator.ActiveCfg = Release|Any CPU
		{2C62AD91-9BC0-4AE4-9DA5-F286E401E175}.AppStore|iPhoneSimulator.Build.0 = Release|Any CPU
		{2C62AD91-9BC0-4AE4-9DA5-F286E401E175}.AppStore|iPhoneSimulator.Deploy.0 = Release|Any CPU
		{2C62AD91-9BC0-4AE4-9DA5-F286E401E175}.AppStore|x64.ActiveCfg = Release|Any CPU
		{2C62AD91-9BC0-4AE4-9DA5-F286E401E175}.AppStore|x64.Build.0 = Release|Any CPU
		{2C62AD91-9BC0-4AE4-9DA5-F286E401E175}.AppStore|x64.Deploy.0 = Release|Any CPU
		{2C62AD91-9BC0-4AE4-9DA5-F286E401E175}.AppStore|x86.ActiveCfg = Release|Any CPU
		{2C62AD91-9BC0-4AE4-9DA5-F286E401E175}.AppStore|x86.Build.0 = Release|Any CPU
		{2C62AD91-9BC0-4AE4-9DA5-F286E401E175}.AppStore|x86.Deploy.0 = Release|Any CPU
		{2C62AD91-9BC0-4AE4-9DA5-F286E401E175}.Debug|Any CPU.ActiveCfg = Debug|Any CPU
		{2C62AD91-9BC0-4AE4-9DA5-F286E401E175}.Debug|Any CPU.Build.0 = Debug|Any CPU
		{2C62AD91-9BC0-4AE4-9DA5-F286E401E175}.Debug|Any CPU.Deploy.0 = Debug|Any CPU
		{2C62AD91-9BC0-4AE4-9DA5-F286E401E175}.Debug|ARM.ActiveCfg = Debug|Any CPU
		{2C62AD91-9BC0-4AE4-9DA5-F286E401E175}.Debug|ARM.Build.0 = Debug|Any CPU
		{2C62AD91-9BC0-4AE4-9DA5-F286E401E175}.Debug|ARM.Deploy.0 = Debug|Any CPU
		{2C62AD91-9BC0-4AE4-9DA5-F286E401E175}.Debug|iPhone.ActiveCfg = Debug|Any CPU
		{2C62AD91-9BC0-4AE4-9DA5-F286E401E175}.Debug|iPhone.Build.0 = Debug|Any CPU
		{2C62AD91-9BC0-4AE4-9DA5-F286E401E175}.Debug|iPhone.Deploy.0 = Debug|Any CPU
		{2C62AD91-9BC0-4AE4-9DA5-F286E401E175}.Debug|iPhoneSimulator.ActiveCfg = Debug|Any CPU
		{2C62AD91-9BC0-4AE4-9DA5-F286E401E175}.Debug|iPhoneSimulator.Build.0 = Debug|Any CPU
		{2C62AD91-9BC0-4AE4-9DA5-F286E401E175}.Debug|iPhoneSimulator.Deploy.0 = Debug|Any CPU
		{2C62AD91-9BC0-4AE4-9DA5-F286E401E175}.Debug|x64.ActiveCfg = Debug|Any CPU
		{2C62AD91-9BC0-4AE4-9DA5-F286E401E175}.Debug|x64.Build.0 = Debug|Any CPU
		{2C62AD91-9BC0-4AE4-9DA5-F286E401E175}.Debug|x64.Deploy.0 = Debug|Any CPU
		{2C62AD91-9BC0-4AE4-9DA5-F286E401E175}.Debug|x86.ActiveCfg = Debug|Any CPU
		{2C62AD91-9BC0-4AE4-9DA5-F286E401E175}.Debug|x86.Build.0 = Debug|Any CPU
		{2C62AD91-9BC0-4AE4-9DA5-F286E401E175}.Debug|x86.Deploy.0 = Debug|Any CPU
		{2C62AD91-9BC0-4AE4-9DA5-F286E401E175}.Release|Any CPU.ActiveCfg = Release|Any CPU
		{2C62AD91-9BC0-4AE4-9DA5-F286E401E175}.Release|Any CPU.Build.0 = Release|Any CPU
		{2C62AD91-9BC0-4AE4-9DA5-F286E401E175}.Release|Any CPU.Deploy.0 = Release|Any CPU
		{2C62AD91-9BC0-4AE4-9DA5-F286E401E175}.Release|ARM.ActiveCfg = Release|Any CPU
		{2C62AD91-9BC0-4AE4-9DA5-F286E401E175}.Release|ARM.Build.0 = Release|Any CPU
		{2C62AD91-9BC0-4AE4-9DA5-F286E401E175}.Release|ARM.Deploy.0 = Release|Any CPU
		{2C62AD91-9BC0-4AE4-9DA5-F286E401E175}.Release|iPhone.ActiveCfg = Release|Any CPU
		{2C62AD91-9BC0-4AE4-9DA5-F286E401E175}.Release|iPhone.Build.0 = Release|Any CPU
		{2C62AD91-9BC0-4AE4-9DA5-F286E401E175}.Release|iPhone.Deploy.0 = Release|Any CPU
		{2C62AD91-9BC0-4AE4-9DA5-F286E401E175}.Release|iPhoneSimulator.ActiveCfg = Release|Any CPU
		{2C62AD91-9BC0-4AE4-9DA5-F286E401E175}.Release|iPhoneSimulator.Build.0 = Release|Any CPU
		{2C62AD91-9BC0-4AE4-9DA5-F286E401E175}.Release|iPhoneSimulator.Deploy.0 = Release|Any CPU
		{2C62AD91-9BC0-4AE4-9DA5-F286E401E175}.Release|x64.ActiveCfg = Release|Any CPU
		{2C62AD91-9BC0-4AE4-9DA5-F286E401E175}.Release|x64.Build.0 = Release|Any CPU
		{2C62AD91-9BC0-4AE4-9DA5-F286E401E175}.Release|x64.Deploy.0 = Release|Any CPU
		{2C62AD91-9BC0-4AE4-9DA5-F286E401E175}.Release|x86.ActiveCfg = Release|Any CPU
		{2C62AD91-9BC0-4AE4-9DA5-F286E401E175}.Release|x86.Build.0 = Release|Any CPU
		{2C62AD91-9BC0-4AE4-9DA5-F286E401E175}.Release|x86.Deploy.0 = Release|Any CPU
		{D718F2D1-C04C-4851-80AB-4C8FEBEFDC9D}.Ad-Hoc|Any CPU.ActiveCfg = Ad-Hoc|iPhone
		{D718F2D1-C04C-4851-80AB-4C8FEBEFDC9D}.Ad-Hoc|ARM.ActiveCfg = Ad-Hoc|iPhone
		{D718F2D1-C04C-4851-80AB-4C8FEBEFDC9D}.Ad-Hoc|iPhone.ActiveCfg = Ad-Hoc|iPhone
		{D718F2D1-C04C-4851-80AB-4C8FEBEFDC9D}.Ad-Hoc|iPhone.Build.0 = Ad-Hoc|iPhone
		{D718F2D1-C04C-4851-80AB-4C8FEBEFDC9D}.Ad-Hoc|iPhoneSimulator.ActiveCfg = Ad-Hoc|iPhoneSimulator
		{D718F2D1-C04C-4851-80AB-4C8FEBEFDC9D}.Ad-Hoc|iPhoneSimulator.Build.0 = Ad-Hoc|iPhoneSimulator
		{D718F2D1-C04C-4851-80AB-4C8FEBEFDC9D}.Ad-Hoc|x64.ActiveCfg = Ad-Hoc|iPhone
		{D718F2D1-C04C-4851-80AB-4C8FEBEFDC9D}.Ad-Hoc|x86.ActiveCfg = Ad-Hoc|iPhone
		{D718F2D1-C04C-4851-80AB-4C8FEBEFDC9D}.AppStore|Any CPU.ActiveCfg = AppStore|iPhone
		{D718F2D1-C04C-4851-80AB-4C8FEBEFDC9D}.AppStore|ARM.ActiveCfg = AppStore|iPhone
		{D718F2D1-C04C-4851-80AB-4C8FEBEFDC9D}.AppStore|iPhone.ActiveCfg = AppStore|iPhone
		{D718F2D1-C04C-4851-80AB-4C8FEBEFDC9D}.AppStore|iPhone.Build.0 = AppStore|iPhone
		{D718F2D1-C04C-4851-80AB-4C8FEBEFDC9D}.AppStore|iPhoneSimulator.ActiveCfg = AppStore|iPhoneSimulator
		{D718F2D1-C04C-4851-80AB-4C8FEBEFDC9D}.AppStore|iPhoneSimulator.Build.0 = AppStore|iPhoneSimulator
		{D718F2D1-C04C-4851-80AB-4C8FEBEFDC9D}.AppStore|x64.ActiveCfg = AppStore|iPhone
		{D718F2D1-C04C-4851-80AB-4C8FEBEFDC9D}.AppStore|x86.ActiveCfg = AppStore|iPhone
		{D718F2D1-C04C-4851-80AB-4C8FEBEFDC9D}.Debug|Any CPU.ActiveCfg = Debug|iPhone
		{D718F2D1-C04C-4851-80AB-4C8FEBEFDC9D}.Debug|ARM.ActiveCfg = Debug|iPhone
		{D718F2D1-C04C-4851-80AB-4C8FEBEFDC9D}.Debug|iPhone.ActiveCfg = Debug|iPhone
		{D718F2D1-C04C-4851-80AB-4C8FEBEFDC9D}.Debug|iPhone.Build.0 = Debug|iPhone
		{D718F2D1-C04C-4851-80AB-4C8FEBEFDC9D}.Debug|iPhoneSimulator.ActiveCfg = Debug|iPhoneSimulator
		{D718F2D1-C04C-4851-80AB-4C8FEBEFDC9D}.Debug|iPhoneSimulator.Build.0 = Debug|iPhoneSimulator
		{D718F2D1-C04C-4851-80AB-4C8FEBEFDC9D}.Debug|x64.ActiveCfg = Debug|iPhone
		{D718F2D1-C04C-4851-80AB-4C8FEBEFDC9D}.Debug|x86.ActiveCfg = Debug|iPhone
		{D718F2D1-C04C-4851-80AB-4C8FEBEFDC9D}.Release|Any CPU.ActiveCfg = Release|iPhone
		{D718F2D1-C04C-4851-80AB-4C8FEBEFDC9D}.Release|ARM.ActiveCfg = Release|iPhone
		{D718F2D1-C04C-4851-80AB-4C8FEBEFDC9D}.Release|iPhone.ActiveCfg = Release|iPhone
		{D718F2D1-C04C-4851-80AB-4C8FEBEFDC9D}.Release|iPhone.Build.0 = Release|iPhone
		{D718F2D1-C04C-4851-80AB-4C8FEBEFDC9D}.Release|iPhoneSimulator.ActiveCfg = Release|iPhoneSimulator
		{D718F2D1-C04C-4851-80AB-4C8FEBEFDC9D}.Release|iPhoneSimulator.Build.0 = Release|iPhoneSimulator
		{D718F2D1-C04C-4851-80AB-4C8FEBEFDC9D}.Release|x64.ActiveCfg = Release|iPhone
		{D718F2D1-C04C-4851-80AB-4C8FEBEFDC9D}.Release|x86.ActiveCfg = Release|iPhone
		{30C68FD0-40E8-4C57-8087-9B6CB8B74A28}.Ad-Hoc|Any CPU.ActiveCfg = Release|x86
		{30C68FD0-40E8-4C57-8087-9B6CB8B74A28}.Ad-Hoc|Any CPU.Build.0 = Release|x86
		{30C68FD0-40E8-4C57-8087-9B6CB8B74A28}.Ad-Hoc|Any CPU.Deploy.0 = Release|x86
		{30C68FD0-40E8-4C57-8087-9B6CB8B74A28}.Ad-Hoc|ARM.ActiveCfg = Release|ARM
		{30C68FD0-40E8-4C57-8087-9B6CB8B74A28}.Ad-Hoc|ARM.Build.0 = Release|ARM
		{30C68FD0-40E8-4C57-8087-9B6CB8B74A28}.Ad-Hoc|ARM.Deploy.0 = Release|ARM
		{30C68FD0-40E8-4C57-8087-9B6CB8B74A28}.Ad-Hoc|iPhone.ActiveCfg = Release|x86
		{30C68FD0-40E8-4C57-8087-9B6CB8B74A28}.Ad-Hoc|iPhone.Build.0 = Release|x86
		{30C68FD0-40E8-4C57-8087-9B6CB8B74A28}.Ad-Hoc|iPhone.Deploy.0 = Release|x86
		{30C68FD0-40E8-4C57-8087-9B6CB8B74A28}.Ad-Hoc|iPhoneSimulator.ActiveCfg = Release|x86
		{30C68FD0-40E8-4C57-8087-9B6CB8B74A28}.Ad-Hoc|iPhoneSimulator.Build.0 = Release|x86
		{30C68FD0-40E8-4C57-8087-9B6CB8B74A28}.Ad-Hoc|iPhoneSimulator.Deploy.0 = Release|x86
		{30C68FD0-40E8-4C57-8087-9B6CB8B74A28}.Ad-Hoc|x64.ActiveCfg = Release|x64
		{30C68FD0-40E8-4C57-8087-9B6CB8B74A28}.Ad-Hoc|x64.Build.0 = Release|x64
		{30C68FD0-40E8-4C57-8087-9B6CB8B74A28}.Ad-Hoc|x64.Deploy.0 = Release|x64
		{30C68FD0-40E8-4C57-8087-9B6CB8B74A28}.Ad-Hoc|x86.ActiveCfg = Release|x86
		{30C68FD0-40E8-4C57-8087-9B6CB8B74A28}.Ad-Hoc|x86.Build.0 = Release|x86
		{30C68FD0-40E8-4C57-8087-9B6CB8B74A28}.Ad-Hoc|x86.Deploy.0 = Release|x86
		{30C68FD0-40E8-4C57-8087-9B6CB8B74A28}.AppStore|Any CPU.ActiveCfg = Release|x86
		{30C68FD0-40E8-4C57-8087-9B6CB8B74A28}.AppStore|Any CPU.Build.0 = Release|x86
		{30C68FD0-40E8-4C57-8087-9B6CB8B74A28}.AppStore|Any CPU.Deploy.0 = Release|x86
		{30C68FD0-40E8-4C57-8087-9B6CB8B74A28}.AppStore|ARM.ActiveCfg = Release|ARM
		{30C68FD0-40E8-4C57-8087-9B6CB8B74A28}.AppStore|ARM.Build.0 = Release|ARM
		{30C68FD0-40E8-4C57-8087-9B6CB8B74A28}.AppStore|ARM.Deploy.0 = Release|ARM
		{30C68FD0-40E8-4C57-8087-9B6CB8B74A28}.AppStore|iPhone.ActiveCfg = Release|x86
		{30C68FD0-40E8-4C57-8087-9B6CB8B74A28}.AppStore|iPhone.Build.0 = Release|x86
		{30C68FD0-40E8-4C57-8087-9B6CB8B74A28}.AppStore|iPhone.Deploy.0 = Release|x86
		{30C68FD0-40E8-4C57-8087-9B6CB8B74A28}.AppStore|iPhoneSimulator.ActiveCfg = Release|x86
		{30C68FD0-40E8-4C57-8087-9B6CB8B74A28}.AppStore|iPhoneSimulator.Build.0 = Release|x86
		{30C68FD0-40E8-4C57-8087-9B6CB8B74A28}.AppStore|iPhoneSimulator.Deploy.0 = Release|x86
		{30C68FD0-40E8-4C57-8087-9B6CB8B74A28}.AppStore|x64.ActiveCfg = Release|x64
		{30C68FD0-40E8-4C57-8087-9B6CB8B74A28}.AppStore|x64.Build.0 = Release|x64
		{30C68FD0-40E8-4C57-8087-9B6CB8B74A28}.AppStore|x64.Deploy.0 = Release|x64
		{30C68FD0-40E8-4C57-8087-9B6CB8B74A28}.AppStore|x86.ActiveCfg = Release|x86
		{30C68FD0-40E8-4C57-8087-9B6CB8B74A28}.AppStore|x86.Build.0 = Release|x86
		{30C68FD0-40E8-4C57-8087-9B6CB8B74A28}.AppStore|x86.Deploy.0 = Release|x86
		{30C68FD0-40E8-4C57-8087-9B6CB8B74A28}.Debug|Any CPU.ActiveCfg = Debug|x86
		{30C68FD0-40E8-4C57-8087-9B6CB8B74A28}.Debug|Any CPU.Build.0 = Debug|x86
		{30C68FD0-40E8-4C57-8087-9B6CB8B74A28}.Debug|Any CPU.Deploy.0 = Debug|x86
		{30C68FD0-40E8-4C57-8087-9B6CB8B74A28}.Debug|ARM.ActiveCfg = Debug|ARM
		{30C68FD0-40E8-4C57-8087-9B6CB8B74A28}.Debug|ARM.Build.0 = Debug|ARM
		{30C68FD0-40E8-4C57-8087-9B6CB8B74A28}.Debug|ARM.Deploy.0 = Debug|ARM
		{30C68FD0-40E8-4C57-8087-9B6CB8B74A28}.Debug|iPhone.ActiveCfg = Debug|x86
		{30C68FD0-40E8-4C57-8087-9B6CB8B74A28}.Debug|iPhoneSimulator.ActiveCfg = Debug|x86
		{30C68FD0-40E8-4C57-8087-9B6CB8B74A28}.Debug|x64.ActiveCfg = Debug|x64
		{30C68FD0-40E8-4C57-8087-9B6CB8B74A28}.Debug|x64.Build.0 = Debug|x64
		{30C68FD0-40E8-4C57-8087-9B6CB8B74A28}.Debug|x64.Deploy.0 = Debug|x64
		{30C68FD0-40E8-4C57-8087-9B6CB8B74A28}.Debug|x86.ActiveCfg = Debug|x86
		{30C68FD0-40E8-4C57-8087-9B6CB8B74A28}.Debug|x86.Build.0 = Debug|x86
		{30C68FD0-40E8-4C57-8087-9B6CB8B74A28}.Debug|x86.Deploy.0 = Debug|x86
		{30C68FD0-40E8-4C57-8087-9B6CB8B74A28}.Release|Any CPU.ActiveCfg = Release|x86
		{30C68FD0-40E8-4C57-8087-9B6CB8B74A28}.Release|ARM.ActiveCfg = Release|ARM
		{30C68FD0-40E8-4C57-8087-9B6CB8B74A28}.Release|ARM.Build.0 = Release|ARM
		{30C68FD0-40E8-4C57-8087-9B6CB8B74A28}.Release|ARM.Deploy.0 = Release|ARM
		{30C68FD0-40E8-4C57-8087-9B6CB8B74A28}.Release|iPhone.ActiveCfg = Release|x86
		{30C68FD0-40E8-4C57-8087-9B6CB8B74A28}.Release|iPhoneSimulator.ActiveCfg = Release|x86
		{30C68FD0-40E8-4C57-8087-9B6CB8B74A28}.Release|x64.ActiveCfg = Release|x64
		{30C68FD0-40E8-4C57-8087-9B6CB8B74A28}.Release|x64.Build.0 = Release|x64
		{30C68FD0-40E8-4C57-8087-9B6CB8B74A28}.Release|x64.Deploy.0 = Release|x64
		{30C68FD0-40E8-4C57-8087-9B6CB8B74A28}.Release|x86.ActiveCfg = Release|x86
		{30C68FD0-40E8-4C57-8087-9B6CB8B74A28}.Release|x86.Build.0 = Release|x86
		{30C68FD0-40E8-4C57-8087-9B6CB8B74A28}.Release|x86.Deploy.0 = Release|x86
		{DE3D6552-A09A-424A-86E5-29D5BA316523}.Ad-Hoc|Any CPU.ActiveCfg = Release|Any CPU
		{DE3D6552-A09A-424A-86E5-29D5BA316523}.Ad-Hoc|Any CPU.Build.0 = Release|Any CPU
		{DE3D6552-A09A-424A-86E5-29D5BA316523}.Ad-Hoc|ARM.ActiveCfg = Release|Any CPU
		{DE3D6552-A09A-424A-86E5-29D5BA316523}.Ad-Hoc|ARM.Build.0 = Release|Any CPU
		{DE3D6552-A09A-424A-86E5-29D5BA316523}.Ad-Hoc|iPhone.ActiveCfg = Release|Any CPU
		{DE3D6552-A09A-424A-86E5-29D5BA316523}.Ad-Hoc|iPhone.Build.0 = Release|Any CPU
		{DE3D6552-A09A-424A-86E5-29D5BA316523}.Ad-Hoc|iPhoneSimulator.ActiveCfg = Release|Any CPU
		{DE3D6552-A09A-424A-86E5-29D5BA316523}.Ad-Hoc|iPhoneSimulator.Build.0 = Release|Any CPU
		{DE3D6552-A09A-424A-86E5-29D5BA316523}.Ad-Hoc|x64.ActiveCfg = Release|Any CPU
		{DE3D6552-A09A-424A-86E5-29D5BA316523}.Ad-Hoc|x64.Build.0 = Release|Any CPU
		{DE3D6552-A09A-424A-86E5-29D5BA316523}.Ad-Hoc|x86.ActiveCfg = Release|Any CPU
		{DE3D6552-A09A-424A-86E5-29D5BA316523}.Ad-Hoc|x86.Build.0 = Release|Any CPU
		{DE3D6552-A09A-424A-86E5-29D5BA316523}.AppStore|Any CPU.ActiveCfg = Release|Any CPU
		{DE3D6552-A09A-424A-86E5-29D5BA316523}.AppStore|Any CPU.Build.0 = Release|Any CPU
		{DE3D6552-A09A-424A-86E5-29D5BA316523}.AppStore|ARM.ActiveCfg = Release|Any CPU
		{DE3D6552-A09A-424A-86E5-29D5BA316523}.AppStore|ARM.Build.0 = Release|Any CPU
		{DE3D6552-A09A-424A-86E5-29D5BA316523}.AppStore|iPhone.ActiveCfg = Release|Any CPU
		{DE3D6552-A09A-424A-86E5-29D5BA316523}.AppStore|iPhone.Build.0 = Release|Any CPU
		{DE3D6552-A09A-424A-86E5-29D5BA316523}.AppStore|iPhoneSimulator.ActiveCfg = Release|Any CPU
		{DE3D6552-A09A-424A-86E5-29D5BA316523}.AppStore|iPhoneSimulator.Build.0 = Release|Any CPU
		{DE3D6552-A09A-424A-86E5-29D5BA316523}.AppStore|x64.ActiveCfg = Release|Any CPU
		{DE3D6552-A09A-424A-86E5-29D5BA316523}.AppStore|x64.Build.0 = Release|Any CPU
		{DE3D6552-A09A-424A-86E5-29D5BA316523}.AppStore|x86.ActiveCfg = Release|Any CPU
		{DE3D6552-A09A-424A-86E5-29D5BA316523}.AppStore|x86.Build.0 = Release|Any CPU
		{DE3D6552-A09A-424A-86E5-29D5BA316523}.Debug|Any CPU.ActiveCfg = Debug|Any CPU
		{DE3D6552-A09A-424A-86E5-29D5BA316523}.Debug|Any CPU.Build.0 = Debug|Any CPU
		{DE3D6552-A09A-424A-86E5-29D5BA316523}.Debug|ARM.ActiveCfg = Debug|Any CPU
		{DE3D6552-A09A-424A-86E5-29D5BA316523}.Debug|ARM.Build.0 = Debug|Any CPU
		{DE3D6552-A09A-424A-86E5-29D5BA316523}.Debug|iPhone.ActiveCfg = Debug|Any CPU
		{DE3D6552-A09A-424A-86E5-29D5BA316523}.Debug|iPhone.Build.0 = Debug|Any CPU
		{DE3D6552-A09A-424A-86E5-29D5BA316523}.Debug|iPhoneSimulator.ActiveCfg = Debug|Any CPU
		{DE3D6552-A09A-424A-86E5-29D5BA316523}.Debug|iPhoneSimulator.Build.0 = Debug|Any CPU
		{DE3D6552-A09A-424A-86E5-29D5BA316523}.Debug|x64.ActiveCfg = Debug|Any CPU
		{DE3D6552-A09A-424A-86E5-29D5BA316523}.Debug|x64.Build.0 = Debug|Any CPU
		{DE3D6552-A09A-424A-86E5-29D5BA316523}.Debug|x86.ActiveCfg = Debug|Any CPU
		{DE3D6552-A09A-424A-86E5-29D5BA316523}.Debug|x86.Build.0 = Debug|Any CPU
		{DE3D6552-A09A-424A-86E5-29D5BA316523}.Release|Any CPU.ActiveCfg = Release|Any CPU
		{DE3D6552-A09A-424A-86E5-29D5BA316523}.Release|Any CPU.Build.0 = Release|Any CPU
		{DE3D6552-A09A-424A-86E5-29D5BA316523}.Release|ARM.ActiveCfg = Release|Any CPU
		{DE3D6552-A09A-424A-86E5-29D5BA316523}.Release|ARM.Build.0 = Release|Any CPU
		{DE3D6552-A09A-424A-86E5-29D5BA316523}.Release|iPhone.ActiveCfg = Release|Any CPU
		{DE3D6552-A09A-424A-86E5-29D5BA316523}.Release|iPhone.Build.0 = Release|Any CPU
		{DE3D6552-A09A-424A-86E5-29D5BA316523}.Release|iPhoneSimulator.ActiveCfg = Release|Any CPU
		{DE3D6552-A09A-424A-86E5-29D5BA316523}.Release|iPhoneSimulator.Build.0 = Release|Any CPU
		{DE3D6552-A09A-424A-86E5-29D5BA316523}.Release|x64.ActiveCfg = Release|Any CPU
		{DE3D6552-A09A-424A-86E5-29D5BA316523}.Release|x64.Build.0 = Release|Any CPU
		{DE3D6552-A09A-424A-86E5-29D5BA316523}.Release|x86.ActiveCfg = Release|Any CPU
		{DE3D6552-A09A-424A-86E5-29D5BA316523}.Release|x86.Build.0 = Release|Any CPU
	EndGlobalSection
	GlobalSection(SolutionProperties) = preSolution
		HideSolutionNode = FALSE
	EndGlobalSection
EndGlobal
